// !$*UTF8*$!
{
	archiveVersion = 1;
	classes = {
	};
	objectVersion = 48;
	objects = {

/* Begin PBXBuildFile section */
		65141F0B1FB234530092980E /* TipCalculator.swift in Sources */ = {isa = PBXBuildFile; fileRef = 65141F0A1FB234530092980E /* TipCalculator.swift */; };
		65141F0D1FB239DD0092980E /* BTCTipCalculator.swift in Sources */ = {isa = PBXBuildFile; fileRef = 65141F0C1FB239DD0092980E /* BTCTipCalculator.swift */; };
		65141F0F1FB241740092980E /* BTCTipCalculatorTests.swift in Sources */ = {isa = PBXBuildFile; fileRef = 65141F0E1FB241740092980E /* BTCTipCalculatorTests.swift */; };
		652305621FAB89EC0015447E /* Interface.storyboard in Resources */ = {isa = PBXBuildFile; fileRef = 6567A3201BFCF6DF0008A1E4 /* Interface.storyboard */; };
		6530BE0B1FB17993008E30A1 /* BTCAppStoreReview.swift in Sources */ = {isa = PBXBuildFile; fileRef = 6530BE0A1FB17993008E30A1 /* BTCAppStoreReview.swift */; };
		656488BB1FB4D3190074DE4E /* BTCKeyboardDelegate.swift in Sources */ = {isa = PBXBuildFile; fileRef = 656488BA1FB4D3190074DE4E /* BTCKeyboardDelegate.swift */; };
		6567A3221BFCF6DF0008A1E4 /* Interface.storyboard in Resources */ = {isa = PBXBuildFile; fileRef = 6567A3201BFCF6DF0008A1E4 /* Interface.storyboard */; };
		6567A3241BFCF6DF0008A1E4 /* Assets.xcassets in Resources */ = {isa = PBXBuildFile; fileRef = 6567A3231BFCF6DF0008A1E4 /* Assets.xcassets */; };
		6567A32B1BFCF6DF0008A1E4 /* Blue Tip Wrist Calculator Extension.appex in Embed App Extensions */ = {isa = PBXBuildFile; fileRef = 6567A32A1BFCF6DF0008A1E4 /* Blue Tip Wrist Calculator Extension.appex */; settings = {ATTRIBUTES = (RemoveHeadersOnCopy, ); }; };
		6567A3321BFCF6E00008A1E4 /* InterfaceController.swift in Sources */ = {isa = PBXBuildFile; fileRef = 6567A3311BFCF6E00008A1E4 /* InterfaceController.swift */; };
		6567A3381BFCF6E00008A1E4 /* Assets.xcassets in Resources */ = {isa = PBXBuildFile; fileRef = 6567A3371BFCF6E00008A1E4 /* Assets.xcassets */; };
		6567A33C1BFCF6E00008A1E4 /* Blue Tip Wrist Calculator.app in Embed Watch Content */ = {isa = PBXBuildFile; fileRef = 6567A31E1BFCF6DF0008A1E4 /* Blue Tip Wrist Calculator.app */; };
		6570FB2B1FAA83E600FB0942 /* ExtensionDelegate.swift in Sources */ = {isa = PBXBuildFile; fileRef = 6570FB2A1FAA83E600FB0942 /* ExtensionDelegate.swift */; };
		657BB8331F4608E80056FB65 /* Blue_Tip_CalcUITests.swift in Sources */ = {isa = PBXBuildFile; fileRef = 657BB8321F4608E80056FB65 /* Blue_Tip_CalcUITests.swift */; };
		659671481FAD26CD008F65CC /* BTCMainViewController.swift in Sources */ = {isa = PBXBuildFile; fileRef = 659671471FAD26CD008F65CC /* BTCMainViewController.swift */; };
		6596714B1FAD2A06008F65CC /* RateInAppStore.swift in Sources */ = {isa = PBXBuildFile; fileRef = 6596714A1FAD2A06008F65CC /* RateInAppStore.swift */; };
		65A5DF801BFD483F00AD3F92 /* OptionsController.swift in Sources */ = {isa = PBXBuildFile; fileRef = 65A5DF7F1BFD483F00AD3F92 /* OptionsController.swift */; };
		65B361061B71B6BF008B8094 /* AppDelegate.swift in Sources */ = {isa = PBXBuildFile; fileRef = 65B361051B71B6BF008B8094 /* AppDelegate.swift */; };
		65B3610B1B71B6BF008B8094 /* Main.storyboard in Resources */ = {isa = PBXBuildFile; fileRef = 65B361091B71B6BF008B8094 /* Main.storyboard */; };
		65B3610D1B71B6BF008B8094 /* Assets.xcassets in Resources */ = {isa = PBXBuildFile; fileRef = 65B3610C1B71B6BF008B8094 /* Assets.xcassets */; };
		65B361101B71B6BF008B8094 /* LaunchScreen.storyboard in Resources */ = {isa = PBXBuildFile; fileRef = 65B3610E1B71B6BF008B8094 /* LaunchScreen.storyboard */; };
		65DB7FF31FB511EF00D93161 /* BTCNumberFormatter.swift in Sources */ = {isa = PBXBuildFile; fileRef = 65DB7FF21FB511EF00D93161 /* BTCNumberFormatter.swift */; };
		65DB7FF41FB512BF00D93161 /* BTCNumberFormatter.swift in Sources */ = {isa = PBXBuildFile; fileRef = 65DB7FF21FB511EF00D93161 /* BTCNumberFormatter.swift */; };
		65DB7FF61FB51AC400D93161 /* InterfaceControllerLocalizationMethods.swift in Sources */ = {isa = PBXBuildFile; fileRef = 65DB7FF51FB51AC400D93161 /* InterfaceControllerLocalizationMethods.swift */; };
		65FF523A1FB4FCB5002CA71F /* BTCTipCalculator.swift in Sources */ = {isa = PBXBuildFile; fileRef = 65141F0C1FB239DD0092980E /* BTCTipCalculator.swift */; };
		65FF523B1FB4FCBF002CA71F /* TipCalculator.swift in Sources */ = {isa = PBXBuildFile; fileRef = 65141F0A1FB234530092980E /* TipCalculator.swift */; };
		65FF523D1FB503E7002CA71F /* BTCTipPercent.swift in Sources */ = {isa = PBXBuildFile; fileRef = 65FF523C1FB503E7002CA71F /* BTCTipPercent.swift */; };
		65FF523E1FB503EA002CA71F /* BTCTipPercent.swift in Sources */ = {isa = PBXBuildFile; fileRef = 65FF523C1FB503E7002CA71F /* BTCTipPercent.swift */; };
		65FF52431FB50EC1002CA71F /* OptionsControllerLocalizationMethods.swift in Sources */ = {isa = PBXBuildFile; fileRef = 65FF52421FB50EC1002CA71F /* OptionsControllerLocalizationMethods.swift */; };
/* End PBXBuildFile section */

/* Begin PBXContainerItemProxy section */
		6567A32C1BFCF6DF0008A1E4 /* PBXContainerItemProxy */ = {
			isa = PBXContainerItemProxy;
			containerPortal = 65B360FA1B71B6BF008B8094 /* Project object */;
			proxyType = 1;
			remoteGlobalIDString = 6567A3291BFCF6DF0008A1E4;
			remoteInfo = "Blue Tip Wrist Calculator Extension";
		};
		6567A33A1BFCF6E00008A1E4 /* PBXContainerItemProxy */ = {
			isa = PBXContainerItemProxy;
			containerPortal = 65B360FA1B71B6BF008B8094 /* Project object */;
			proxyType = 1;
			remoteGlobalIDString = 6567A31D1BFCF6DF0008A1E4;
			remoteInfo = "Blue Tip Wrist Calculator";
		};
		65789B4C1F44A849001C89D9 /* PBXContainerItemProxy */ = {
			isa = PBXContainerItemProxy;
			containerPortal = 65B360FA1B71B6BF008B8094 /* Project object */;
			proxyType = 1;
			remoteGlobalIDString = 65B361011B71B6BF008B8094;
			remoteInfo = "Blue Tip Calculator";
		};
		657BB8351F4608E80056FB65 /* PBXContainerItemProxy */ = {
			isa = PBXContainerItemProxy;
			containerPortal = 65B360FA1B71B6BF008B8094 /* Project object */;
			proxyType = 1;
			remoteGlobalIDString = 65B361011B71B6BF008B8094;
			remoteInfo = "Blue Tip Calculator";
		};
/* End PBXContainerItemProxy section */

/* Begin PBXCopyFilesBuildPhase section */
		65453DF51BDED69300365CCD /* Embed Watch Content */ = {
			isa = PBXCopyFilesBuildPhase;
			buildActionMask = 2147483647;
			dstPath = "$(CONTENTS_FOLDER_PATH)/Watch";
			dstSubfolderSpec = 16;
			files = (
				6567A33C1BFCF6E00008A1E4 /* Blue Tip Wrist Calculator.app in Embed Watch Content */,
			);
			name = "Embed Watch Content";
			runOnlyForDeploymentPostprocessing = 0;
		};
		6567A3421BFCF6E00008A1E4 /* Embed App Extensions */ = {
			isa = PBXCopyFilesBuildPhase;
			buildActionMask = 2147483647;
			dstPath = "";
			dstSubfolderSpec = 13;
			files = (
				6567A32B1BFCF6DF0008A1E4 /* Blue Tip Wrist Calculator Extension.appex in Embed App Extensions */,
			);
			name = "Embed App Extensions";
			runOnlyForDeploymentPostprocessing = 0;
		};
/* End PBXCopyFilesBuildPhase section */

/* Begin PBXFileReference section */
		650BA1B61BFD460E0056BCE2 /* Blue Tip Wrist Calculator-Bridging-Header.h */ = {isa = PBXFileReference; lastKnownFileType = sourcecode.c.h; path = "Blue Tip Wrist Calculator-Bridging-Header.h"; sourceTree = "<group>"; };
		65141F0A1FB234530092980E /* TipCalculator.swift */ = {isa = PBXFileReference; lastKnownFileType = sourcecode.swift; path = TipCalculator.swift; sourceTree = "<group>"; };
		65141F0C1FB239DD0092980E /* BTCTipCalculator.swift */ = {isa = PBXFileReference; lastKnownFileType = sourcecode.swift; path = BTCTipCalculator.swift; sourceTree = "<group>"; };
		65141F0E1FB241740092980E /* BTCTipCalculatorTests.swift */ = {isa = PBXFileReference; lastKnownFileType = sourcecode.swift; path = BTCTipCalculatorTests.swift; sourceTree = "<group>"; };
		6530BE0A1FB17993008E30A1 /* BTCAppStoreReview.swift */ = {isa = PBXFileReference; lastKnownFileType = sourcecode.swift; path = BTCAppStoreReview.swift; sourceTree = "<group>"; };
		656488BA1FB4D3190074DE4E /* BTCKeyboardDelegate.swift */ = {isa = PBXFileReference; lastKnownFileType = sourcecode.swift; path = BTCKeyboardDelegate.swift; sourceTree = "<group>"; };
		6567A31E1BFCF6DF0008A1E4 /* Blue Tip Wrist Calculator.app */ = {isa = PBXFileReference; explicitFileType = wrapper.application; includeInIndex = 0; path = "Blue Tip Wrist Calculator.app"; sourceTree = BUILT_PRODUCTS_DIR; };
		6567A3211BFCF6DF0008A1E4 /* Base */ = {isa = PBXFileReference; lastKnownFileType = file.storyboard; name = Base; path = Base.lproj/Interface.storyboard; sourceTree = "<group>"; };
		6567A3231BFCF6DF0008A1E4 /* Assets.xcassets */ = {isa = PBXFileReference; lastKnownFileType = folder.assetcatalog; path = Assets.xcassets; sourceTree = "<group>"; };
		6567A3251BFCF6DF0008A1E4 /* Info.plist */ = {isa = PBXFileReference; lastKnownFileType = text.plist.xml; path = Info.plist; sourceTree = "<group>"; };
		6567A32A1BFCF6DF0008A1E4 /* Blue Tip Wrist Calculator Extension.appex */ = {isa = PBXFileReference; explicitFileType = "wrapper.app-extension"; includeInIndex = 0; path = "Blue Tip Wrist Calculator Extension.appex"; sourceTree = BUILT_PRODUCTS_DIR; };
		6567A3301BFCF6E00008A1E4 /* PushNotificationPayload.apns */ = {isa = PBXFileReference; lastKnownFileType = text; path = PushNotificationPayload.apns; sourceTree = "<group>"; };
		6567A3311BFCF6E00008A1E4 /* InterfaceController.swift */ = {isa = PBXFileReference; lastKnownFileType = sourcecode.swift; path = InterfaceController.swift; sourceTree = "<group>"; };
		6567A3371BFCF6E00008A1E4 /* Assets.xcassets */ = {isa = PBXFileReference; lastKnownFileType = folder.assetcatalog; path = Assets.xcassets; sourceTree = "<group>"; };
		6567A3391BFCF6E00008A1E4 /* Info.plist */ = {isa = PBXFileReference; lastKnownFileType = text.plist.xml; path = Info.plist; sourceTree = "<group>"; };
		6570FB2A1FAA83E600FB0942 /* ExtensionDelegate.swift */ = {isa = PBXFileReference; lastKnownFileType = sourcecode.swift; path = ExtensionDelegate.swift; sourceTree = "<group>"; };
		65789B4B1F44A849001C89D9 /* Info.plist */ = {isa = PBXFileReference; lastKnownFileType = text.plist.xml; path = Info.plist; sourceTree = "<group>"; };
		657BB8321F4608E80056FB65 /* Blue_Tip_CalcUITests.swift */ = {isa = PBXFileReference; lastKnownFileType = sourcecode.swift; path = Blue_Tip_CalcUITests.swift; sourceTree = "<group>"; };
		657BB8341F4608E80056FB65 /* Info.plist */ = {isa = PBXFileReference; lastKnownFileType = text.plist.xml; path = Info.plist; sourceTree = "<group>"; };
		658F58711F5DCCC600D481D7 /* zh-Hans */ = {isa = PBXFileReference; lastKnownFileType = text.plist.strings; name = "zh-Hans"; path = "zh-Hans.lproj/Main.strings"; sourceTree = "<group>"; };
		658F58721F5DCCC700D481D7 /* zh-Hans */ = {isa = PBXFileReference; lastKnownFileType = text.plist.strings; name = "zh-Hans"; path = "zh-Hans.lproj/LaunchScreen.strings"; sourceTree = "<group>"; };
		658F58731F5DCCC700D481D7 /* zh-Hans */ = {isa = PBXFileReference; lastKnownFileType = text.plist.strings; name = "zh-Hans"; path = "zh-Hans.lproj/Interface.strings"; sourceTree = "<group>"; };
		658F58741F5DD49D00D481D7 /* nl */ = {isa = PBXFileReference; lastKnownFileType = text.plist.strings; name = nl; path = nl.lproj/Main.strings; sourceTree = "<group>"; };
		658F58751F5DD49D00D481D7 /* nl */ = {isa = PBXFileReference; lastKnownFileType = text.plist.strings; name = nl; path = nl.lproj/LaunchScreen.strings; sourceTree = "<group>"; };
		658F58761F5DD49D00D481D7 /* nl */ = {isa = PBXFileReference; lastKnownFileType = text.plist.strings; name = nl; path = nl.lproj/Interface.strings; sourceTree = "<group>"; };
		658F58771F5DD91400D481D7 /* de */ = {isa = PBXFileReference; lastKnownFileType = text.plist.strings; name = de; path = de.lproj/Main.strings; sourceTree = "<group>"; };
		658F58781F5DD91400D481D7 /* de */ = {isa = PBXFileReference; lastKnownFileType = text.plist.strings; name = de; path = de.lproj/LaunchScreen.strings; sourceTree = "<group>"; };
		658F58791F5DD91400D481D7 /* de */ = {isa = PBXFileReference; lastKnownFileType = text.plist.strings; name = de; path = de.lproj/Interface.strings; sourceTree = "<group>"; };
		659671471FAD26CD008F65CC /* BTCMainViewController.swift */ = {isa = PBXFileReference; lastKnownFileType = sourcecode.swift; path = BTCMainViewController.swift; sourceTree = "<group>"; };
		6596714A1FAD2A06008F65CC /* RateInAppStore.swift */ = {isa = PBXFileReference; lastKnownFileType = sourcecode.swift; path = RateInAppStore.swift; sourceTree = "<group>"; };
		65A5DF7F1BFD483F00AD3F92 /* OptionsController.swift */ = {isa = PBXFileReference; fileEncoding = 4; lastKnownFileType = sourcecode.swift; path = OptionsController.swift; sourceTree = "<group>"; };
		65B173B81BA2274600B56A55 /* Blue Tip Calc.app */ = {isa = PBXFileReference; explicitFileType = wrapper.application; includeInIndex = 0; path = "Blue Tip Calc.app"; sourceTree = BUILT_PRODUCTS_DIR; };
		65B361051B71B6BF008B8094 /* AppDelegate.swift */ = {isa = PBXFileReference; lastKnownFileType = sourcecode.swift; path = AppDelegate.swift; sourceTree = "<group>"; };
		65B3610A1B71B6BF008B8094 /* Base */ = {isa = PBXFileReference; lastKnownFileType = file.storyboard; name = Base; path = Base.lproj/Main.storyboard; sourceTree = "<group>"; };
		65B3610C1B71B6BF008B8094 /* Assets.xcassets */ = {isa = PBXFileReference; lastKnownFileType = folder.assetcatalog; path = Assets.xcassets; sourceTree = "<group>"; };
		65B3610F1B71B6BF008B8094 /* Base */ = {isa = PBXFileReference; lastKnownFileType = file.storyboard; name = Base; path = Base.lproj/LaunchScreen.storyboard; sourceTree = "<group>"; };
		65B361111B71B6BF008B8094 /* Info.plist */ = {isa = PBXFileReference; lastKnownFileType = text.plist.xml; path = Info.plist; sourceTree = "<group>"; };
		65DB7FF01FB50F6800D93161 /* Blue Tip CalcTests.xctest */ = {isa = PBXFileReference; explicitFileType = wrapper.cfbundle; includeInIndex = 0; path = "Blue Tip CalcTests.xctest"; sourceTree = BUILT_PRODUCTS_DIR; };
		65DB7FF11FB50F6800D93161 /* Blue Tip CalcUITests.xctest */ = {isa = PBXFileReference; explicitFileType = wrapper.cfbundle; includeInIndex = 0; path = "Blue Tip CalcUITests.xctest"; sourceTree = BUILT_PRODUCTS_DIR; };
		65DB7FF21FB511EF00D93161 /* BTCNumberFormatter.swift */ = {isa = PBXFileReference; lastKnownFileType = sourcecode.swift; path = BTCNumberFormatter.swift; sourceTree = "<group>"; };
		65DB7FF51FB51AC400D93161 /* InterfaceControllerLocalizationMethods.swift */ = {isa = PBXFileReference; lastKnownFileType = sourcecode.swift; path = InterfaceControllerLocalizationMethods.swift; sourceTree = "<group>"; };
		65FF523C1FB503E7002CA71F /* BTCTipPercent.swift */ = {isa = PBXFileReference; lastKnownFileType = sourcecode.swift; path = BTCTipPercent.swift; sourceTree = "<group>"; };
		65FF52421FB50EC1002CA71F /* OptionsControllerLocalizationMethods.swift */ = {isa = PBXFileReference; lastKnownFileType = sourcecode.swift; path = OptionsControllerLocalizationMethods.swift; sourceTree = "<group>"; };
/* End PBXFileReference section */

/* Begin PBXFrameworksBuildPhase section */
		6567A3271BFCF6DF0008A1E4 /* Frameworks */ = {
			isa = PBXFrameworksBuildPhase;
			buildActionMask = 2147483647;
			files = (
			);
			runOnlyForDeploymentPostprocessing = 0;
		};
		65789B441F44A849001C89D9 /* Frameworks */ = {
			isa = PBXFrameworksBuildPhase;
			buildActionMask = 2147483647;
			files = (
			);
			runOnlyForDeploymentPostprocessing = 0;
		};
		657BB82D1F4608E80056FB65 /* Frameworks */ = {
			isa = PBXFrameworksBuildPhase;
			buildActionMask = 2147483647;
			files = (
			);
			runOnlyForDeploymentPostprocessing = 0;
		};
		65B360FF1B71B6BF008B8094 /* Frameworks */ = {
			isa = PBXFrameworksBuildPhase;
			buildActionMask = 2147483647;
			files = (
			);
			runOnlyForDeploymentPostprocessing = 0;
		};
/* End PBXFrameworksBuildPhase section */

/* Begin PBXGroup section */
		6530BE091FB17959008E30A1 /* Model */ = {
			isa = PBXGroup;
			children = (
				6530BE0A1FB17993008E30A1 /* BTCAppStoreReview.swift */,
				65141F0C1FB239DD0092980E /* BTCTipCalculator.swift */,
				65FF523C1FB503E7002CA71F /* BTCTipPercent.swift */,
				65DB7FF21FB511EF00D93161 /* BTCNumberFormatter.swift */,
			);
			path = Model;
			sourceTree = "<group>";
		};
		656488B81FB4D20F0074DE4E /* Delegates */ = {
			isa = PBXGroup;
			children = (
				656488BA1FB4D3190074DE4E /* BTCKeyboardDelegate.swift */,
			);
			path = Delegates;
			sourceTree = "<group>";
		};
		656488B91FB4D2270074DE4E /* View */ = {
			isa = PBXGroup;
			children = (
				65B3610E1B71B6BF008B8094 /* LaunchScreen.storyboard */,
				65B361091B71B6BF008B8094 /* Main.storyboard */,
			);
			path = View;
			sourceTree = "<group>";
		};
		6567A31F1BFCF6DF0008A1E4 /* Blue Tip Wrist Calculator */ = {
			isa = PBXGroup;
			children = (
				65FF52381FB4FAF5002CA71F /* Views */,
				6567A3231BFCF6DF0008A1E4 /* Assets.xcassets */,
				6567A3251BFCF6DF0008A1E4 /* Info.plist */,
			);
			path = "Blue Tip Wrist Calculator";
			sourceTree = "<group>";
		};
		6567A32E1BFCF6DF0008A1E4 /* Blue Tip Wrist Calculator Extension */ = {
			isa = PBXGroup;
			children = (
				65FF52391FB4FBC1002CA71F /* Controllers */,
				6567A3371BFCF6E00008A1E4 /* Assets.xcassets */,
				6567A3391BFCF6E00008A1E4 /* Info.plist */,
				6567A32F1BFCF6E00008A1E4 /* Supporting Files */,
				650BA1B61BFD460E0056BCE2 /* Blue Tip Wrist Calculator-Bridging-Header.h */,
				6570FB2A1FAA83E600FB0942 /* ExtensionDelegate.swift */,
			);
			path = "Blue Tip Wrist Calculator Extension";
			sourceTree = "<group>";
		};
		6567A32F1BFCF6E00008A1E4 /* Supporting Files */ = {
			isa = PBXGroup;
			children = (
				6567A3301BFCF6E00008A1E4 /* PushNotificationPayload.apns */,
			);
			name = "Supporting Files";
			sourceTree = "<group>";
		};
		65789B481F44A849001C89D9 /* Blue Tip CalcTests */ = {
			isa = PBXGroup;
			children = (
				65789B4B1F44A849001C89D9 /* Info.plist */,
				65141F0E1FB241740092980E /* BTCTipCalculatorTests.swift */,
			);
			path = "Blue Tip CalcTests";
			sourceTree = "<group>";
		};
		657BB8311F4608E80056FB65 /* Blue Tip CalcUITests */ = {
			isa = PBXGroup;
			children = (
				657BB8321F4608E80056FB65 /* Blue_Tip_CalcUITests.swift */,
				657BB8341F4608E80056FB65 /* Info.plist */,
			);
			path = "Blue Tip CalcUITests";
			sourceTree = "<group>";
		};
		659671461FAD2597008F65CC /* Controller */ = {
			isa = PBXGroup;
			children = (
				659671471FAD26CD008F65CC /* BTCMainViewController.swift */,
			);
			path = Controller;
			sourceTree = "<group>";
		};
		659671491FAD29DC008F65CC /* Protocols */ = {
			isa = PBXGroup;
			children = (
				6596714A1FAD2A06008F65CC /* RateInAppStore.swift */,
				65141F0A1FB234530092980E /* TipCalculator.swift */,
			);
			path = Protocols;
			sourceTree = "<group>";
		};
		65B360F91B71B6BF008B8094 = {
			isa = PBXGroup;
			children = (
				65B361041B71B6BF008B8094 /* Tip Calculator */,
				65B173B81BA2274600B56A55 /* Blue Tip Calc.app */,
				6567A31E1BFCF6DF0008A1E4 /* Blue Tip Wrist Calculator.app */,
				6567A31F1BFCF6DF0008A1E4 /* Blue Tip Wrist Calculator */,
				6567A32A1BFCF6DF0008A1E4 /* Blue Tip Wrist Calculator Extension.appex */,
				6567A32E1BFCF6DF0008A1E4 /* Blue Tip Wrist Calculator Extension */,
				65789B481F44A849001C89D9 /* Blue Tip CalcTests */,
				657BB8311F4608E80056FB65 /* Blue Tip CalcUITests */,
				65DB7FF01FB50F6800D93161 /* Blue Tip CalcTests.xctest */,
				65DB7FF11FB50F6800D93161 /* Blue Tip CalcUITests.xctest */,
			);
			sourceTree = "<group>";
		};
		65B361041B71B6BF008B8094 /* Tip Calculator */ = {
			isa = PBXGroup;
			children = (
				656488B91FB4D2270074DE4E /* View */,
				656488B81FB4D20F0074DE4E /* Delegates */,
				6530BE091FB17959008E30A1 /* Model */,
				659671491FAD29DC008F65CC /* Protocols */,
				659671461FAD2597008F65CC /* Controller */,
				65B361051B71B6BF008B8094 /* AppDelegate.swift */,
				65B3610C1B71B6BF008B8094 /* Assets.xcassets */,
				65B361111B71B6BF008B8094 /* Info.plist */,
			);
			path = "Tip Calculator";
			sourceTree = "<group>";
		};
		65FF52381FB4FAF5002CA71F /* Views */ = {
			isa = PBXGroup;
			children = (
				6567A3201BFCF6DF0008A1E4 /* Interface.storyboard */,
			);
			path = Views;
			sourceTree = "<group>";
		};
		65FF52391FB4FBC1002CA71F /* Controllers */ = {
			isa = PBXGroup;
			children = (
				6567A3311BFCF6E00008A1E4 /* InterfaceController.swift */,
				65A5DF7F1BFD483F00AD3F92 /* OptionsController.swift */,
				65FF52421FB50EC1002CA71F /* OptionsControllerLocalizationMethods.swift */,
				65DB7FF51FB51AC400D93161 /* InterfaceControllerLocalizationMethods.swift */,
			);
			path = Controllers;
			sourceTree = "<group>";
		};
/* End PBXGroup section */

/* Begin PBXNativeTarget section */
		6567A31D1BFCF6DF0008A1E4 /* Blue Tip Wrist Calculator */ = {
			isa = PBXNativeTarget;
			buildConfigurationList = 6567A3431BFCF6E00008A1E4 /* Build configuration list for PBXNativeTarget "Blue Tip Wrist Calculator" */;
			buildPhases = (
				6567A31C1BFCF6DF0008A1E4 /* Resources */,
				6567A3421BFCF6E00008A1E4 /* Embed App Extensions */,
			);
			buildRules = (
			);
			dependencies = (
				6567A32D1BFCF6DF0008A1E4 /* PBXTargetDependency */,
			);
			name = "Blue Tip Wrist Calculator";
			productName = "Blue Tip Wrist Calculator";
			productReference = 6567A31E1BFCF6DF0008A1E4 /* Blue Tip Wrist Calculator.app */;
			productType = "com.apple.product-type.application.watchapp2";
		};
		6567A3291BFCF6DF0008A1E4 /* Blue Tip Wrist Calculator Extension */ = {
			isa = PBXNativeTarget;
			buildConfigurationList = 6567A3411BFCF6E00008A1E4 /* Build configuration list for PBXNativeTarget "Blue Tip Wrist Calculator Extension" */;
			buildPhases = (
				6567A3261BFCF6DF0008A1E4 /* Sources */,
				6567A3271BFCF6DF0008A1E4 /* Frameworks */,
				6567A3281BFCF6DF0008A1E4 /* Resources */,
			);
			buildRules = (
			);
			dependencies = (
			);
			name = "Blue Tip Wrist Calculator Extension";
			productName = "Blue Tip Wrist Calculator Extension";
			productReference = 6567A32A1BFCF6DF0008A1E4 /* Blue Tip Wrist Calculator Extension.appex */;
			productType = "com.apple.product-type.watchkit2-extension";
		};
		65789B461F44A849001C89D9 /* Blue Tip CalcTests */ = {
			isa = PBXNativeTarget;
			buildConfigurationList = 65789B501F44A849001C89D9 /* Build configuration list for PBXNativeTarget "Blue Tip CalcTests" */;
			buildPhases = (
				65789B431F44A849001C89D9 /* Sources */,
				65789B441F44A849001C89D9 /* Frameworks */,
				65789B451F44A849001C89D9 /* Resources */,
			);
			buildRules = (
			);
			dependencies = (
				65789B4D1F44A849001C89D9 /* PBXTargetDependency */,
			);
			name = "Blue Tip CalcTests";
			productName = "Blue Tip CalcTests";
			productReference = 65DB7FF01FB50F6800D93161 /* Blue Tip CalcTests.xctest */;
			productType = "com.apple.product-type.bundle.unit-test";
		};
		657BB82F1F4608E80056FB65 /* Blue Tip CalcUITests */ = {
			isa = PBXNativeTarget;
			buildConfigurationList = 657BB8391F4608E80056FB65 /* Build configuration list for PBXNativeTarget "Blue Tip CalcUITests" */;
			buildPhases = (
				657BB82C1F4608E80056FB65 /* Sources */,
				657BB82D1F4608E80056FB65 /* Frameworks */,
				657BB82E1F4608E80056FB65 /* Resources */,
			);
			buildRules = (
			);
			dependencies = (
				657BB8361F4608E80056FB65 /* PBXTargetDependency */,
			);
			name = "Blue Tip CalcUITests";
			productName = "Blue Tip CalcUITests";
			productReference = 65DB7FF11FB50F6800D93161 /* Blue Tip CalcUITests.xctest */;
			productType = "com.apple.product-type.bundle.ui-testing";
		};
		65B361011B71B6BF008B8094 /* Blue Tip Calculator */ = {
			isa = PBXNativeTarget;
			buildConfigurationList = 65B361141B71B6BF008B8094 /* Build configuration list for PBXNativeTarget "Blue Tip Calculator" */;
			buildPhases = (
				65B360FE1B71B6BF008B8094 /* Sources */,
				65B360FF1B71B6BF008B8094 /* Frameworks */,
				65B361001B71B6BF008B8094 /* Resources */,
				65453DF51BDED69300365CCD /* Embed Watch Content */,
			);
			buildRules = (
			);
			dependencies = (
				6567A33B1BFCF6E00008A1E4 /* PBXTargetDependency */,
			);
			name = "Blue Tip Calculator";
			productName = "Tip Calculator";
			productReference = 65B173B81BA2274600B56A55 /* Blue Tip Calc.app */;
			productType = "com.apple.product-type.application";
		};
/* End PBXNativeTarget section */

/* Begin PBXProject section */
		65B360FA1B71B6BF008B8094 /* Project object */ = {
			isa = PBXProject;
			attributes = {
				LastSwiftUpdateCheck = 0830;
				LastUpgradeCheck = 1250;
				ORGANIZATIONNAME = blaumagier;
				TargetAttributes = {
					6567A31D1BFCF6DF0008A1E4 = {
						CreatedOnToolsVersion = 7.0;
						DevelopmentTeam = ZJ769HHQS2;
						LastSwiftMigration = 0800;
					};
					6567A3291BFCF6DF0008A1E4 = {
						CreatedOnToolsVersion = 7.0;
						DevelopmentTeam = ZJ769HHQS2;
						LastSwiftMigration = 0900;
					};
					65789B461F44A849001C89D9 = {
						CreatedOnToolsVersion = 8.3.3;
						LastSwiftMigration = 0900;
						ProvisioningStyle = Automatic;
						TestTargetID = 65B361011B71B6BF008B8094;
					};
					657BB82F1F4608E80056FB65 = {
						CreatedOnToolsVersion = 8.3.3;
						LastSwiftMigration = 0900;
						ProvisioningStyle = Automatic;
						TestTargetID = 65B361011B71B6BF008B8094;
					};
					65B361011B71B6BF008B8094 = {
						CreatedOnToolsVersion = 7.0;
						DevelopmentTeam = ZJ769HHQS2;
						LastSwiftMigration = 0900;
						SystemCapabilities = {
							com.apple.Push = {
								enabled = 0;
							};
						};
					};
				};
			};
			buildConfigurationList = 65B360FD1B71B6BF008B8094 /* Build configuration list for PBXProject "Blue Tip Calculator" */;
			compatibilityVersion = "Xcode 8.0";
			developmentRegion = en;
			hasScannedForEncodings = 0;
			knownRegions = (
				en,
				Base,
				"zh-Hans",
				nl,
				de,
			);
			mainGroup = 65B360F91B71B6BF008B8094;
			productRefGroup = 65B360F91B71B6BF008B8094;
			projectDirPath = "";
			projectRoot = "";
			targets = (
				65B361011B71B6BF008B8094 /* Blue Tip Calculator */,
				6567A31D1BFCF6DF0008A1E4 /* Blue Tip Wrist Calculator */,
				6567A3291BFCF6DF0008A1E4 /* Blue Tip Wrist Calculator Extension */,
				65789B461F44A849001C89D9 /* Blue Tip CalcTests */,
				657BB82F1F4608E80056FB65 /* Blue Tip CalcUITests */,
			);
		};
/* End PBXProject section */

/* Begin PBXResourcesBuildPhase section */
		6567A31C1BFCF6DF0008A1E4 /* Resources */ = {
			isa = PBXResourcesBuildPhase;
			buildActionMask = 2147483647;
			files = (
				6567A3241BFCF6DF0008A1E4 /* Assets.xcassets in Resources */,
				6567A3221BFCF6DF0008A1E4 /* Interface.storyboard in Resources */,
			);
			runOnlyForDeploymentPostprocessing = 0;
		};
		6567A3281BFCF6DF0008A1E4 /* Resources */ = {
			isa = PBXResourcesBuildPhase;
			buildActionMask = 2147483647;
			files = (
				652305621FAB89EC0015447E /* Interface.storyboard in Resources */,
				6567A3381BFCF6E00008A1E4 /* Assets.xcassets in Resources */,
			);
			runOnlyForDeploymentPostprocessing = 0;
		};
		65789B451F44A849001C89D9 /* Resources */ = {
			isa = PBXResourcesBuildPhase;
			buildActionMask = 2147483647;
			files = (
			);
			runOnlyForDeploymentPostprocessing = 0;
		};
		657BB82E1F4608E80056FB65 /* Resources */ = {
			isa = PBXResourcesBuildPhase;
			buildActionMask = 2147483647;
			files = (
			);
			runOnlyForDeploymentPostprocessing = 0;
		};
		65B361001B71B6BF008B8094 /* Resources */ = {
			isa = PBXResourcesBuildPhase;
			buildActionMask = 2147483647;
			files = (
				65B361101B71B6BF008B8094 /* LaunchScreen.storyboard in Resources */,
				65B3610D1B71B6BF008B8094 /* Assets.xcassets in Resources */,
				65B3610B1B71B6BF008B8094 /* Main.storyboard in Resources */,
			);
			runOnlyForDeploymentPostprocessing = 0;
		};
/* End PBXResourcesBuildPhase section */

/* Begin PBXSourcesBuildPhase section */
		6567A3261BFCF6DF0008A1E4 /* Sources */ = {
			isa = PBXSourcesBuildPhase;
			buildActionMask = 2147483647;
			files = (
				65FF52431FB50EC1002CA71F /* OptionsControllerLocalizationMethods.swift in Sources */,
				65DB7FF41FB512BF00D93161 /* BTCNumberFormatter.swift in Sources */,
				65A5DF801BFD483F00AD3F92 /* OptionsController.swift in Sources */,
				65FF523A1FB4FCB5002CA71F /* BTCTipCalculator.swift in Sources */,
				6567A3321BFCF6E00008A1E4 /* InterfaceController.swift in Sources */,
				65DB7FF61FB51AC400D93161 /* InterfaceControllerLocalizationMethods.swift in Sources */,
				65FF523E1FB503EA002CA71F /* BTCTipPercent.swift in Sources */,
				6570FB2B1FAA83E600FB0942 /* ExtensionDelegate.swift in Sources */,
				65FF523B1FB4FCBF002CA71F /* TipCalculator.swift in Sources */,
			);
			runOnlyForDeploymentPostprocessing = 0;
		};
		65789B431F44A849001C89D9 /* Sources */ = {
			isa = PBXSourcesBuildPhase;
			buildActionMask = 2147483647;
			files = (
				65141F0F1FB241740092980E /* BTCTipCalculatorTests.swift in Sources */,
			);
			runOnlyForDeploymentPostprocessing = 0;
		};
		657BB82C1F4608E80056FB65 /* Sources */ = {
			isa = PBXSourcesBuildPhase;
			buildActionMask = 2147483647;
			files = (
				657BB8331F4608E80056FB65 /* Blue_Tip_CalcUITests.swift in Sources */,
			);
			runOnlyForDeploymentPostprocessing = 0;
		};
		65B360FE1B71B6BF008B8094 /* Sources */ = {
			isa = PBXSourcesBuildPhase;
			buildActionMask = 2147483647;
			files = (
				6596714B1FAD2A06008F65CC /* RateInAppStore.swift in Sources */,
				6530BE0B1FB17993008E30A1 /* BTCAppStoreReview.swift in Sources */,
				659671481FAD26CD008F65CC /* BTCMainViewController.swift in Sources */,
				65141F0D1FB239DD0092980E /* BTCTipCalculator.swift in Sources */,
				65141F0B1FB234530092980E /* TipCalculator.swift in Sources */,
				65DB7FF31FB511EF00D93161 /* BTCNumberFormatter.swift in Sources */,
				65FF523D1FB503E7002CA71F /* BTCTipPercent.swift in Sources */,
				65B361061B71B6BF008B8094 /* AppDelegate.swift in Sources */,
				656488BB1FB4D3190074DE4E /* BTCKeyboardDelegate.swift in Sources */,
			);
			runOnlyForDeploymentPostprocessing = 0;
		};
/* End PBXSourcesBuildPhase section */

/* Begin PBXTargetDependency section */
		6567A32D1BFCF6DF0008A1E4 /* PBXTargetDependency */ = {
			isa = PBXTargetDependency;
			target = 6567A3291BFCF6DF0008A1E4 /* Blue Tip Wrist Calculator Extension */;
			targetProxy = 6567A32C1BFCF6DF0008A1E4 /* PBXContainerItemProxy */;
		};
		6567A33B1BFCF6E00008A1E4 /* PBXTargetDependency */ = {
			isa = PBXTargetDependency;
			target = 6567A31D1BFCF6DF0008A1E4 /* Blue Tip Wrist Calculator */;
			targetProxy = 6567A33A1BFCF6E00008A1E4 /* PBXContainerItemProxy */;
		};
		65789B4D1F44A849001C89D9 /* PBXTargetDependency */ = {
			isa = PBXTargetDependency;
			target = 65B361011B71B6BF008B8094 /* Blue Tip Calculator */;
			targetProxy = 65789B4C1F44A849001C89D9 /* PBXContainerItemProxy */;
		};
		657BB8361F4608E80056FB65 /* PBXTargetDependency */ = {
			isa = PBXTargetDependency;
			target = 65B361011B71B6BF008B8094 /* Blue Tip Calculator */;
			targetProxy = 657BB8351F4608E80056FB65 /* PBXContainerItemProxy */;
		};
/* End PBXTargetDependency section */

/* Begin PBXVariantGroup section */
		6567A3201BFCF6DF0008A1E4 /* Interface.storyboard */ = {
			isa = PBXVariantGroup;
			children = (
				6567A3211BFCF6DF0008A1E4 /* Base */,
				658F58731F5DCCC700D481D7 /* zh-Hans */,
				658F58761F5DD49D00D481D7 /* nl */,
				658F58791F5DD91400D481D7 /* de */,
			);
			name = Interface.storyboard;
			sourceTree = "<group>";
		};
		65B361091B71B6BF008B8094 /* Main.storyboard */ = {
			isa = PBXVariantGroup;
			children = (
				65B3610A1B71B6BF008B8094 /* Base */,
				658F58711F5DCCC600D481D7 /* zh-Hans */,
				658F58741F5DD49D00D481D7 /* nl */,
				658F58771F5DD91400D481D7 /* de */,
			);
			name = Main.storyboard;
			sourceTree = "<group>";
		};
		65B3610E1B71B6BF008B8094 /* LaunchScreen.storyboard */ = {
			isa = PBXVariantGroup;
			children = (
				65B3610F1B71B6BF008B8094 /* Base */,
				658F58721F5DCCC700D481D7 /* zh-Hans */,
				658F58751F5DD49D00D481D7 /* nl */,
				658F58781F5DD91400D481D7 /* de */,
			);
			name = LaunchScreen.storyboard;
			sourceTree = "<group>";
		};
/* End PBXVariantGroup section */

/* Begin XCBuildConfiguration section */
		6567A33D1BFCF6E00008A1E4 /* Debug */ = {
			isa = XCBuildConfiguration;
			buildSettings = {
				ALWAYS_EMBED_SWIFT_STANDARD_LIBRARIES = YES;
				ASSETCATALOG_COMPILER_APPICON_NAME = AppIcon;
				CLANG_ENABLE_MODULES = YES;
				CODE_SIGN_IDENTITY = "iPhone Developer";
				"CODE_SIGN_IDENTITY[sdk=iphoneos*]" = "iPhone Developer";
				IBSC_MODULE = Blue_Tip_Wrist_Calculator_Extension;
				INFOPLIST_FILE = "Blue Tip Wrist Calculator/Info.plist";
				LD_RUNPATH_SEARCH_PATHS = "$(inherited) @executable_path/../Frameworks @loader_path/../Frameworks";
				PRODUCT_BUNDLE_IDENTIFIER = "com.blaumagier.Tip-Calculator.watchkitapp";
				PRODUCT_NAME = "$(TARGET_NAME)";
				SDKROOT = watchos;
				SKIP_INSTALL = YES;
				SWIFT_OBJC_BRIDGING_HEADER = "Blue Tip Wrist Calculator Extension/Blue Tip Wrist Calculator-Bridging-Header.h";
				SWIFT_OPTIMIZATION_LEVEL = "-Onone";
				SWIFT_VERSION = 3.0;
				TARGETED_DEVICE_FAMILY = 4;
				WATCHOS_DEPLOYMENT_TARGET = 3.0;
			};
			name = Debug;
		};
		6567A33E1BFCF6E00008A1E4 /* Release */ = {
			isa = XCBuildConfiguration;
			buildSettings = {
				ALWAYS_EMBED_SWIFT_STANDARD_LIBRARIES = YES;
				ASSETCATALOG_COMPILER_APPICON_NAME = AppIcon;
				CLANG_ENABLE_MODULES = YES;
				CODE_SIGN_IDENTITY = "iPhone Developer";
				"CODE_SIGN_IDENTITY[sdk=iphoneos*]" = "iPhone Developer";
				IBSC_MODULE = Blue_Tip_Wrist_Calculator_Extension;
				INFOPLIST_FILE = "Blue Tip Wrist Calculator/Info.plist";
				LD_RUNPATH_SEARCH_PATHS = "$(inherited) @executable_path/../Frameworks @loader_path/../Frameworks";
				PRODUCT_BUNDLE_IDENTIFIER = "com.blaumagier.Tip-Calculator.watchkitapp";
				PRODUCT_NAME = "$(TARGET_NAME)";
				SDKROOT = watchos;
				SKIP_INSTALL = YES;
				SWIFT_OBJC_BRIDGING_HEADER = "Blue Tip Wrist Calculator Extension/Blue Tip Wrist Calculator-Bridging-Header.h";
				SWIFT_VERSION = 3.0;
				TARGETED_DEVICE_FAMILY = 4;
				WATCHOS_DEPLOYMENT_TARGET = 3.0;
			};
			name = Release;
		};
		6567A33F1BFCF6E00008A1E4 /* Debug */ = {
			isa = XCBuildConfiguration;
			buildSettings = {
				CODE_SIGN_IDENTITY = "iPhone Developer";
				"CODE_SIGN_IDENTITY[sdk=watchos*]" = "iPhone Developer";
				INFOPLIST_FILE = "Blue Tip Wrist Calculator Extension/Info.plist";
				LD_RUNPATH_SEARCH_PATHS = "$(inherited) @executable_path/Frameworks @executable_path/../../Frameworks";
				PRODUCT_BUNDLE_IDENTIFIER = "com.blaumagier.Tip-Calculator.watchkitapp.watchkitextension";
				PRODUCT_NAME = "${TARGET_NAME}";
				PROVISIONING_PROFILE = "";
				SDKROOT = watchos;
				SKIP_INSTALL = YES;
				STRIP_STYLE = all;
				SWIFT_SWIFT3_OBJC_INFERENCE = Default;
				SWIFT_VERSION = 4.0;
				TARGETED_DEVICE_FAMILY = 4;
				WATCHOS_DEPLOYMENT_TARGET = 3.0;
			};
			name = Debug;
		};
		6567A3401BFCF6E00008A1E4 /* Release */ = {
			isa = XCBuildConfiguration;
			buildSettings = {
				CODE_SIGN_IDENTITY = "iPhone Developer";
				"CODE_SIGN_IDENTITY[sdk=watchos*]" = "iPhone Developer";
				INFOPLIST_FILE = "Blue Tip Wrist Calculator Extension/Info.plist";
				LD_RUNPATH_SEARCH_PATHS = "$(inherited) @executable_path/Frameworks @executable_path/../../Frameworks";
				PRODUCT_BUNDLE_IDENTIFIER = "com.blaumagier.Tip-Calculator.watchkitapp.watchkitextension";
				PRODUCT_NAME = "${TARGET_NAME}";
				PROVISIONING_PROFILE = "";
				SDKROOT = watchos;
				SKIP_INSTALL = YES;
				STRIP_STYLE = all;
				SWIFT_OPTIMIZATION_LEVEL = "-Owholemodule";
				SWIFT_SWIFT3_OBJC_INFERENCE = Default;
				SWIFT_VERSION = 4.0;
				TARGETED_DEVICE_FAMILY = 4;
				WATCHOS_DEPLOYMENT_TARGET = 3.0;
			};
			name = Release;
		};
		65789B4E1F44A849001C89D9 /* Debug */ = {
			isa = XCBuildConfiguration;
			buildSettings = {
				BUNDLE_LOADER = "$(TEST_HOST)";
				CLANG_ANALYZER_NONNULL = YES;
				CLANG_ANALYZER_NUMBER_OBJECT_CONVERSION = YES_AGGRESSIVE;
				CLANG_ENABLE_MODULES = YES;
				CLANG_WARN_DOCUMENTATION_COMMENTS = YES;
				DEVELOPMENT_TEAM = ZJ769HHQS2;
				INFOPLIST_FILE = "Blue Tip CalcTests/Info.plist";
				IPHONEOS_DEPLOYMENT_TARGET = 12.0;
				LD_RUNPATH_SEARCH_PATHS = "$(inherited) @executable_path/Frameworks @loader_path/Frameworks";
				PRODUCT_BUNDLE_IDENTIFIER = "com.blaumagier.Blue-Tip-CalcTests";
				PRODUCT_NAME = "$(TARGET_NAME)";
				SWIFT_ACTIVE_COMPILATION_CONDITIONS = DEBUG;
				SWIFT_OPTIMIZATION_LEVEL = "-Onone";
				SWIFT_SWIFT3_OBJC_INFERENCE = Default;
				SWIFT_VERSION = 4.0;
				TEST_HOST = "$(BUILT_PRODUCTS_DIR)/Blue Tip Calc.app/Blue Tip Calc";
			};
			name = Debug;
		};
		65789B4F1F44A849001C89D9 /* Release */ = {
			isa = XCBuildConfiguration;
			buildSettings = {
				BUNDLE_LOADER = "$(TEST_HOST)";
				CLANG_ANALYZER_NONNULL = YES;
				CLANG_ANALYZER_NUMBER_OBJECT_CONVERSION = YES_AGGRESSIVE;
				CLANG_ENABLE_MODULES = YES;
				CLANG_WARN_DOCUMENTATION_COMMENTS = YES;
				DEVELOPMENT_TEAM = ZJ769HHQS2;
				INFOPLIST_FILE = "Blue Tip CalcTests/Info.plist";
				IPHONEOS_DEPLOYMENT_TARGET = 12.0;
				LD_RUNPATH_SEARCH_PATHS = "$(inherited) @executable_path/Frameworks @loader_path/Frameworks";
				PRODUCT_BUNDLE_IDENTIFIER = "com.blaumagier.Blue-Tip-CalcTests";
				PRODUCT_NAME = "$(TARGET_NAME)";
				SWIFT_SWIFT3_OBJC_INFERENCE = Default;
				SWIFT_VERSION = 4.0;
				TEST_HOST = "$(BUILT_PRODUCTS_DIR)/Blue Tip Calc.app/Blue Tip Calc";
			};
			name = Release;
		};
		657BB8371F4608E80056FB65 /* Debug */ = {
			isa = XCBuildConfiguration;
			buildSettings = {
				CLANG_ANALYZER_NONNULL = YES;
				CLANG_ANALYZER_NUMBER_OBJECT_CONVERSION = YES_AGGRESSIVE;
				CLANG_WARN_DOCUMENTATION_COMMENTS = YES;
				DEVELOPMENT_TEAM = ZJ769HHQS2;
				INFOPLIST_FILE = "Blue Tip CalcUITests/Info.plist";
				IPHONEOS_DEPLOYMENT_TARGET = 12.0;
				LD_RUNPATH_SEARCH_PATHS = "$(inherited) @executable_path/Frameworks @loader_path/Frameworks";
				PRODUCT_BUNDLE_IDENTIFIER = "com.blaumagier.Blue-Tip-CalcUITests";
				PRODUCT_NAME = "$(TARGET_NAME)";
				SWIFT_ACTIVE_COMPILATION_CONDITIONS = DEBUG;
				SWIFT_SWIFT3_OBJC_INFERENCE = Default;
				SWIFT_VERSION = 4.0;
				TEST_TARGET_NAME = "Blue Tip Calculator";
			};
			name = Debug;
		};
		657BB8381F4608E80056FB65 /* Release */ = {
			isa = XCBuildConfiguration;
			buildSettings = {
				CLANG_ANALYZER_NONNULL = YES;
				CLANG_ANALYZER_NUMBER_OBJECT_CONVERSION = YES_AGGRESSIVE;
				CLANG_WARN_DOCUMENTATION_COMMENTS = YES;
				DEVELOPMENT_TEAM = ZJ769HHQS2;
				INFOPLIST_FILE = "Blue Tip CalcUITests/Info.plist";
				IPHONEOS_DEPLOYMENT_TARGET = 12.0;
				LD_RUNPATH_SEARCH_PATHS = "$(inherited) @executable_path/Frameworks @loader_path/Frameworks";
				PRODUCT_BUNDLE_IDENTIFIER = "com.blaumagier.Blue-Tip-CalcUITests";
				PRODUCT_NAME = "$(TARGET_NAME)";
				SWIFT_SWIFT3_OBJC_INFERENCE = Default;
				SWIFT_VERSION = 4.0;
				TEST_TARGET_NAME = "Blue Tip Calculator";
			};
			name = Release;
		};
		65B361121B71B6BF008B8094 /* Debug */ = {
			isa = XCBuildConfiguration;
			buildSettings = {
				ALWAYS_SEARCH_USER_PATHS = NO;
				CLANG_ANALYZER_LOCALIZABILITY_NONLOCALIZED = YES;
				CLANG_CXX_LANGUAGE_STANDARD = "gnu++0x";
				CLANG_CXX_LIBRARY = "libc++";
				CLANG_ENABLE_MODULES = YES;
				CLANG_ENABLE_OBJC_ARC = YES;
				CLANG_WARN_BLOCK_CAPTURE_AUTORELEASING = YES;
				CLANG_WARN_BOOL_CONVERSION = YES;
				CLANG_WARN_COMMA = YES;
				CLANG_WARN_CONSTANT_CONVERSION = YES;
				CLANG_WARN_DEPRECATED_OBJC_IMPLEMENTATIONS = YES;
				CLANG_WARN_DIRECT_OBJC_ISA_USAGE = YES_ERROR;
				CLANG_WARN_EMPTY_BODY = YES;
				CLANG_WARN_ENUM_CONVERSION = YES;
				CLANG_WARN_INFINITE_RECURSION = YES;
				CLANG_WARN_INT_CONVERSION = YES;
				CLANG_WARN_NON_LITERAL_NULL_CONVERSION = YES;
				CLANG_WARN_OBJC_IMPLICIT_RETAIN_SELF = YES;
				CLANG_WARN_OBJC_LITERAL_CONVERSION = YES;
				CLANG_WARN_OBJC_ROOT_CLASS = YES_ERROR;
				CLANG_WARN_QUOTED_INCLUDE_IN_FRAMEWORK_HEADER = YES;
				CLANG_WARN_RANGE_LOOP_ANALYSIS = YES;
				CLANG_WARN_STRICT_PROTOTYPES = YES;
				CLANG_WARN_SUSPICIOUS_MOVE = YES;
				CLANG_WARN_UNREACHABLE_CODE = YES;
				CLANG_WARN__DUPLICATE_METHOD_MATCH = YES;
				"CODE_SIGN_IDENTITY[sdk=iphoneos*]" = "iPhone Developer";
				COPY_PHASE_STRIP = NO;
				DEBUG_INFORMATION_FORMAT = dwarf;
				ENABLE_STRICT_OBJC_MSGSEND = YES;
				ENABLE_TESTABILITY = YES;
				GCC_C_LANGUAGE_STANDARD = gnu99;
				GCC_DYNAMIC_NO_PIC = NO;
				GCC_NO_COMMON_BLOCKS = YES;
				GCC_OPTIMIZATION_LEVEL = 0;
				GCC_PREPROCESSOR_DEFINITIONS = (
					"DEBUG=1",
					"$(inherited)",
				);
				GCC_WARN_64_TO_32_BIT_CONVERSION = YES;
				GCC_WARN_ABOUT_RETURN_TYPE = YES_ERROR;
				GCC_WARN_UNDECLARED_SELECTOR = YES;
				GCC_WARN_UNINITIALIZED_AUTOS = YES_AGGRESSIVE;
				GCC_WARN_UNUSED_FUNCTION = YES;
				GCC_WARN_UNUSED_VARIABLE = YES;
				IPHONEOS_DEPLOYMENT_TARGET = 12.0;
				MTL_ENABLE_DEBUG_INFO = YES;
				ONLY_ACTIVE_ARCH = YES;
				SDKROOT = iphoneos;
				SWIFT_OPTIMIZATION_LEVEL = "-Onone";
				TARGETED_DEVICE_FAMILY = "1,2";
			};
			name = Debug;
		};
		65B361131B71B6BF008B8094 /* Release */ = {
			isa = XCBuildConfiguration;
			buildSettings = {
				ALWAYS_SEARCH_USER_PATHS = NO;
				CLANG_ANALYZER_LOCALIZABILITY_NONLOCALIZED = YES;
				CLANG_CXX_LANGUAGE_STANDARD = "gnu++0x";
				CLANG_CXX_LIBRARY = "libc++";
				CLANG_ENABLE_MODULES = YES;
				CLANG_ENABLE_OBJC_ARC = YES;
				CLANG_WARN_BLOCK_CAPTURE_AUTORELEASING = YES;
				CLANG_WARN_BOOL_CONVERSION = YES;
				CLANG_WARN_COMMA = YES;
				CLANG_WARN_CONSTANT_CONVERSION = YES;
				CLANG_WARN_DEPRECATED_OBJC_IMPLEMENTATIONS = YES;
				CLANG_WARN_DIRECT_OBJC_ISA_USAGE = YES_ERROR;
				CLANG_WARN_EMPTY_BODY = YES;
				CLANG_WARN_ENUM_CONVERSION = YES;
				CLANG_WARN_INFINITE_RECURSION = YES;
				CLANG_WARN_INT_CONVERSION = YES;
				CLANG_WARN_NON_LITERAL_NULL_CONVERSION = YES;
				CLANG_WARN_OBJC_IMPLICIT_RETAIN_SELF = YES;
				CLANG_WARN_OBJC_LITERAL_CONVERSION = YES;
				CLANG_WARN_OBJC_ROOT_CLASS = YES_ERROR;
				CLANG_WARN_QUOTED_INCLUDE_IN_FRAMEWORK_HEADER = YES;
				CLANG_WARN_RANGE_LOOP_ANALYSIS = YES;
				CLANG_WARN_STRICT_PROTOTYPES = YES;
				CLANG_WARN_SUSPICIOUS_MOVE = YES;
				CLANG_WARN_UNREACHABLE_CODE = YES;
				CLANG_WARN__DUPLICATE_METHOD_MATCH = YES;
				"CODE_SIGN_IDENTITY[sdk=iphoneos*]" = "iPhone Developer";
				COPY_PHASE_STRIP = NO;
				DEBUG_INFORMATION_FORMAT = "dwarf-with-dsym";
				ENABLE_NS_ASSERTIONS = NO;
				ENABLE_STRICT_OBJC_MSGSEND = YES;
				GCC_C_LANGUAGE_STANDARD = gnu99;
				GCC_NO_COMMON_BLOCKS = YES;
				GCC_WARN_64_TO_32_BIT_CONVERSION = YES;
				GCC_WARN_ABOUT_RETURN_TYPE = YES_ERROR;
				GCC_WARN_UNDECLARED_SELECTOR = YES;
				GCC_WARN_UNINITIALIZED_AUTOS = YES_AGGRESSIVE;
				GCC_WARN_UNUSED_FUNCTION = YES;
				GCC_WARN_UNUSED_VARIABLE = YES;
				IPHONEOS_DEPLOYMENT_TARGET = 12.0;
				MTL_ENABLE_DEBUG_INFO = NO;
				SDKROOT = iphoneos;
				SWIFT_OPTIMIZATION_LEVEL = "-Owholemodule";
				TARGETED_DEVICE_FAMILY = "1,2";
				VALIDATE_PRODUCT = YES;
			};
			name = Release;
		};
		65B361151B71B6BF008B8094 /* Debug */ = {
			isa = XCBuildConfiguration;
			buildSettings = {
				ASSETCATALOG_COMPILER_APPICON_NAME = AppIcon;
				CODE_SIGN_IDENTITY = "iPhone Developer";
				"CODE_SIGN_IDENTITY[sdk=iphoneos*]" = "iPhone Developer";
				INFOPLIST_FILE = "Tip Calculator/Info.plist";
				IPHONEOS_DEPLOYMENT_TARGET = 12.0;
				LD_RUNPATH_SEARCH_PATHS = "$(inherited) @executable_path/Frameworks";
				PRODUCT_BUNDLE_IDENTIFIER = "com.blaumagier.Tip-Calculator";
				PRODUCT_NAME = "Blue Tip Calc";
				PROVISIONING_PROFILE = "";
				SWIFT_SWIFT3_OBJC_INFERENCE = Default;
				SWIFT_VERSION = 4.0;
			};
			name = Debug;
		};
		65B361161B71B6BF008B8094 /* Release */ = {
			isa = XCBuildConfiguration;
			buildSettings = {
				ASSETCATALOG_COMPILER_APPICON_NAME = AppIcon;
				CODE_SIGN_IDENTITY = "iPhone Developer";
				"CODE_SIGN_IDENTITY[sdk=iphoneos*]" = "iPhone Developer";
				INFOPLIST_FILE = "Tip Calculator/Info.plist";
				IPHONEOS_DEPLOYMENT_TARGET = 12.0;
				LD_RUNPATH_SEARCH_PATHS = "$(inherited) @executable_path/Frameworks";
				PRODUCT_BUNDLE_IDENTIFIER = "com.blaumagier.Tip-Calculator";
				PRODUCT_NAME = "Blue Tip Calc";
				PROVISIONING_PROFILE = "";
				SWIFT_OPTIMIZATION_LEVEL = "-Owholemodule";
				SWIFT_SWIFT3_OBJC_INFERENCE = Default;
				SWIFT_VERSION = 4.0;
			};
			name = Release;
		};
/* End XCBuildConfiguration section */

/* Begin XCConfigurationList section */
		6567A3411BFCF6E00008A1E4 /* Build configuration list for PBXNativeTarget "Blue Tip Wrist Calculator Extension" */ = {
			isa = XCConfigurationList;
			buildConfigurations = (
				6567A33F1BFCF6E00008A1E4 /* Debug */,
				6567A3401BFCF6E00008A1E4 /* Release */,
			);
			defaultConfigurationIsVisible = 0;
			defaultConfigurationName = Release;
		};
		6567A3431BFCF6E00008A1E4 /* Build configuration list for PBXNativeTarget "Blue Tip Wrist Calculator" */ = {
			isa = XCConfigurationList;
			buildConfigurations = (
				6567A33D1BFCF6E00008A1E4 /* Debug */,
				6567A33E1BFCF6E00008A1E4 /* Release */,
			);
			defaultConfigurationIsVisible = 0;
			defaultConfigurationName = Release;
		};
		65789B501F44A849001C89D9 /* Build configuration list for PBXNativeTarget "Blue Tip CalcTests" */ = {
			isa = XCConfigurationList;
			buildConfigurations = (
				65789B4E1F44A849001C89D9 /* Debug */,
				65789B4F1F44A849001C89D9 /* Release */,
			);
			defaultConfigurationIsVisible = 0;
			defaultConfigurationName = Release;
		};
		657BB8391F4608E80056FB65 /* Build configuration list for PBXNativeTarget "Blue Tip CalcUITests" */ = {
			isa = XCConfigurationList;
			buildConfigurations = (
				657BB8371F4608E80056FB65 /* Debug */,
				657BB8381F4608E80056FB65 /* Release */,
			);
			defaultConfigurationIsVisible = 0;
			defaultConfigurationName = Release;
		};
		65B360FD1B71B6BF008B8094 /* Build configuration list for PBXProject "Blue Tip Calculator" */ = {
			isa = XCConfigurationList;
			buildConfigurations = (
				65B361121B71B6BF008B8094 /* Debug */,
				65B361131B71B6BF008B8094 /* Release */,
			);
			defaultConfigurationIsVisible = 0;
			defaultConfigurationName = Release;
		};
		65B361141B71B6BF008B8094 /* Build configuration list for PBXNativeTarget "Blue Tip Calculator" */ = {
			isa = XCConfigurationList;
			buildConfigurations = (
				65B361151B71B6BF008B8094 /* Debug */,
				65B361161B71B6BF008B8094 /* Release */,
			);
			defaultConfigurationIsVisible = 0;
			defaultConfigurationName = Release;
		};
/* End XCConfigurationList section */
	};
	rootObject = 65B360FA1B71B6BF008B8094 /* Project object */;
}
